
Microsoft Visual Studio Solution File, Format Version 12.00
# Visual Studio Version 16
VisualStudioVersion = 16.0.31613.86
MinimumVisualStudioVersion = 10.0.40219.1
Project("{FAE04EC0-301F-11D3-BF4B-00C04F79EFBC}") = "SoundOff.Android", "SoundOff.Android\SoundOff.Android.csproj", "{E55A7670-AC55-4A8D-A668-CD68A5A94D01}"
EndProject
Project("{FAE04EC0-301F-11D3-BF4B-00C04F79EFBC}") = "SoundOff.iOS", "SoundOff.iOS\SoundOff.iOS.csproj", "{E7C3EF6F-3D75-494D-B39E-2CAAE192CC74}"
EndProject
Project("{FAE04EC0-301F-11D3-BF4B-00C04F79EFBC}") = "SoundOff", "SoundOff\SoundOff.csproj", "{AA67C407-AAB7-43BF-8588-323D0B9B65E7}"
EndProject
Global
	GlobalSection(SolutionConfigurationPlatforms) = preSolution
		Debug|Any CPU = Debug|Any CPU
		Debug|iPhone = Debug|iPhone
		Debug|iPhoneSimulator = Debug|iPhoneSimulator
		Release|Any CPU = Release|Any CPU
		Release|iPhone = Release|iPhone
		Release|iPhoneSimulator = Release|iPhoneSimulator
	EndGlobalSection
	GlobalSection(ProjectConfigurationPlatforms) = postSolution
		{E55A7670-AC55-4A8D-A668-CD68A5A94D01}.Debug|Any CPU.ActiveCfg = Debug|Any CPU
		{E55A7670-AC55-4A8D-A668-CD68A5A94D01}.Debug|Any CPU.Build.0 = Debug|Any CPU
		{E55A7670-AC55-4A8D-A668-CD68A5A94D01}.Debug|Any CPU.Deploy.0 = Debug|Any CPU
		{E55A7670-AC55-4A8D-A668-CD68A5A94D01}.Debug|iPhone.ActiveCfg = Debug|Any CPU
		{E55A7670-AC55-4A8D-A668-CD68A5A94D01}.Debug|iPhone.Build.0 = Debug|Any CPU
		{E55A7670-AC55-4A8D-A668-CD68A5A94D01}.Debug|iPhone.Deploy.0 = Debug|Any CPU
		{E55A7670-AC55-4A8D-A668-CD68A5A94D01}.Debug|iPhoneSimulator.ActiveCfg = Debug|Any CPU
		{E55A7670-AC55-4A8D-A668-CD68A5A94D01}.Debug|iPhoneSimulator.Build.0 = Debug|Any CPU
		{E55A7670-AC55-4A8D-A668-CD68A5A94D01}.Debug|iPhoneSimulator.Deploy.0 = Debug|Any CPU
		{E55A7670-AC55-4A8D-A668-CD68A5A94D01}.Release|Any CPU.ActiveCfg = Release|Any CPU
		{E55A7670-AC55-4A8D-A668-CD68A5A94D01}.Release|Any CPU.Build.0 = Release|Any CPU
		{E55A7670-AC55-4A8D-A668-CD68A5A94D01}.Release|Any CPU.Deploy.0 = Release|Any CPU
		{E55A7670-AC55-4A8D-A668-CD68A5A94D01}.Release|iPhone.ActiveCfg = Release|Any CPU
		{E55A7670-AC55-4A8D-A668-CD68A5A94D01}.Release|iPhone.Build.0 = Release|Any CPU
		{E55A7670-AC55-4A8D-A668-CD68A5A94D01}.Release|iPhone.Deploy.0 = Release|Any CPU
		{E55A7670-AC55-4A8D-A668-CD68A5A94D01}.Release|iPhoneSimulator.ActiveCfg = Release|Any CPU
		{E55A7670-AC55-4A8D-A668-CD68A5A94D01}.Release|iPhoneSimulator.Build.0 = Release|Any CPU
		{E55A7670-AC55-4A8D-A668-CD68A5A94D01}.Release|iPhoneSimulator.Deploy.0 = Release|Any CPU
		{E7C3EF6F-3D75-494D-B39E-2CAAE192CC74}.Debug|Any CPU.ActiveCfg = Debug|iPhone
		{E7C3EF6F-3D75-494D-B39E-2CAAE192CC74}.Debug|Any CPU.Build.0 = Debug|iPhone
		{E7C3EF6F-3D75-494D-B39E-2CAAE192CC74}.Debug|Any CPU.Deploy.0 = Debug|iPhone
		{E7C3EF6F-3D75-494D-B39E-2CAAE192CC74}.Debug|iPhone.ActiveCfg = Debug|iPhone
		{E7C3EF6F-3D75-494D-B39E-2CAAE192CC74}.Debug|iPhone.Build.0 = Debug|iPhone
		{E7C3EF6F-3D75-494D-B39E-2CAAE192CC74}.Debug|iPhone.Deploy.0 = Debug|iPhone
		{E7C3EF6F-3D75-494D-B39E-2CAAE192CC74}.Debug|iPhoneSimulator.ActiveCfg = Debug|iPhoneSimulator
		{E7C3EF6F-3D75-494D-B39E-2CAAE192CC74}.Debug|iPhoneSimulator.Build.0 = Debug|iPhoneSimulator
		{E7C3EF6F-3D75-494D-B39E-2CAAE192CC74}.Debug|iPhoneSimulator.Deploy.0 = Debug|iPhoneSimulator
		{E7C3EF6F-3D75-494D-B39E-2CAAE192CC74}.Release|Any CPU.ActiveCfg = Release|iPhoneSimulator
		{E7C3EF6F-3D75-494D-B39E-2CAAE192CC74}.Release|Any CPU.Build.0 = Release|iPhoneSimulator
		{E7C3EF6F-3D75-494D-B39E-2CAAE192CC74}.Release|Any CPU.Deploy.0 = Release|iPhoneSimulator
		{E7C3EF6F-3D75-494D-B39E-2CAAE192CC74}.Release|iPhone.ActiveCfg = Release|iPhone
		{E7C3EF6F-3D75-494D-B39E-2CAAE192CC74}.Release|iPhone.Build.0 = Release|iPhone
		{E7C3EF6F-3D75-494D-B39E-2CAAE192CC74}.Release|iPhone.Deploy.0 = Release|iPhone
		{E7C3EF6F-3D75-494D-B39E-2CAAE192CC74}.Release|iPhoneSimulator.ActiveCfg = Release|iPhoneSimulator
		{E7C3EF6F-3D75-494D-B39E-2CAAE192CC74}.Release|iPhoneSimulator.Build.0 = Release|iPhoneSimulator
		{E7C3EF6F-3D75-494D-B39E-2CAAE192CC74}.Release|iPhoneSimulator.Deploy.0 = Release|iPhoneSimulator
		{AA67C407-AAB7-43BF-8588-323D0B9B65E7}.Debug|Any CPU.ActiveCfg = Debug|Any CPU
		{AA67C407-AAB7-43BF-8588-323D0B9B65E7}.Debug|Any CPU.Build.0 = Debug|Any CPU
		{AA67C407-AAB7-43BF-8588-323D0B9B65E7}.Debug|Any CPU.Deploy.0 = Debug|Any CPU
		{AA67C407-AAB7-43BF-8588-323D0B9B65E7}.Debug|iPhone.ActiveCfg = Debug|Any CPU
		{AA67C407-AAB7-43BF-8588-323D0B9B65E7}.Debug|iPhone.Build.0 = Debug|Any CPU
		{AA67C407-AAB7-43BF-8588-323D0B9B65E7}.Debug|iPhone.Deploy.0 = Debug|Any CPU
		{AA67C407-AAB7-43BF-8588-323D0B9B65E7}.Debug|iPhoneSimulator.ActiveCfg = Debug|Any CPU
		{AA67C407-AAB7-43BF-8588-323D0B9B65E7}.Debug|iPhoneSimulator.Build.0 = Debug|Any CPU
		{AA67C407-AAB7-43BF-8588-323D0B9B65E7}.Debug|iPhoneSimulator.Deploy.0 = Debug|Any CPU
		{AA67C407-AAB7-43BF-8588-323D0B9B65E7}.Release|Any CPU.ActiveCfg = Release|Any CPU
		{AA67C407-AAB7-43BF-8588-323D0B9B65E7}.Release|Any CPU.Build.0 = Release|Any CPU
		{AA67C407-AAB7-43BF-8588-323D0B9B65E7}.Release|Any CPU.Deploy.0 = Release|Any CPU
		{AA67C407-AAB7-43BF-8588-323D0B9B65E7}.Release|iPhone.ActiveCfg = Release|Any CPU
		{AA67C407-AAB7-43BF-8588-323D0B9B65E7}.Release|iPhone.Build.0 = Release|Any CPU
		{AA67C407-AAB7-43BF-8588-323D0B9B65E7}.Release|iPhone.Deploy.0 = Release|Any CPU
		{AA67C407-AAB7-43BF-8588-323D0B9B65E7}.Release|iPhoneSimulator.ActiveCfg = Release|Any CPU
		{AA67C407-AAB7-43BF-8588-323D0B9B65E7}.Release|iPhoneSimulator.Build.0 = Release|Any CPU
		{AA67C407-AAB7-43BF-8588-323D0B9B65E7}.Release|iPhoneSimulator.Deploy.0 = Release|Any CPU
	EndGlobalSection
	GlobalSection(SolutionProperties) = preSolution
		HideSolutionNode = FALSE
	EndGlobalSection
	GlobalSection(ExtensibilityGlobals) = postSolution
		SolutionGuid = {D3746D29-1D0D-4EAC-9E6E-3D75DBEB054B}
	EndGlobalSection
EndGlobal
